
Microsoft Visual Studio Solution File, Format Version 12.00
# Visual Studio Version 16
VisualStudioVersion = 16.0.30611.23
MinimumVisualStudioVersion = 10.0.40219.1
Project("{FAE04EC0-301F-11D3-BF4B-00C04F79EFBC}") = "Arena", "Arena\Arena.csproj", "{5780F607-D3CA-4079-8E40-945534910DF3}"
EndProject
Global
	GlobalSection(SolutionConfigurationPlatforms) = preSolution
		Debug|Any CPU = Debug|Any CPU
		Release|Any CPU = Release|Any CPU
	EndGlobalSection
	GlobalSection(ProjectConfigurationPlatforms) = postSolution
		{5780F607-D3CA-4079-8E40-945534910DF3}.Debug|Any CPU.ActiveCfg = Debug|Any CPU
		{5780F607-D3CA-4079-8E40-945534910DF3}.Debug|Any CPU.Build.0 = Debug|Any CPU
		{5780F607-D3CA-4079-8E40-945534910DF3}.Release|Any CPU.ActiveCfg = Release|Any CPU
		{5780F607-D3CA-4079-8E40-945534910DF3}.Release|Any CPU.Build.0 = Release|Any CPU
	EndGlobalSection
	GlobalSection(SolutionProperties) = preSolution
		HideSolutionNode = FALSE
	EndGlobalSection
	GlobalSection(ExtensibilityGlobals) = postSolution
		SolutionGuid = {5C60524C-D2EE-4997-9AB6-92E3C8330918}
	EndGlobalSection
EndGlobal
